// !$*UTF8*$!
{
	archiveVersion = 1;
	classes = {
	};
	objectVersion = 60;
	objects = {

/* Begin PBXBuildFile section */
		8F1A0B0C0D0E0F101112130B /* FlowmoMac.swift in Sources */ = {isa = PBXBuildFile; fileRef = 8F1A0B0C0D0E0F101112130A /* FlowmoMac.swift */; };
		8F1A0B0C0D0E0F1011121312 /* FlowmoWindow in Frameworks */ = {isa = PBXBuildFile; productRef = 8F1A0B0C0D0E0F1011121311 /* FlowmoWindow */; };
		8F1A0B0C0D0E0F1011121315 /* PrivacyInfo.xcprivacy in Resources */ = {isa = PBXBuildFile; fileRef = 8F1A0B0C0D0E0F1011121316 /* PrivacyInfo.xcprivacy */; };
		8F1A0B0C0D0E0F1011121317 /* Assets.xcassets in Resources */ = {isa = PBXBuildFile; fileRef = 8F1A0B0C0D0E0F1011121318 /* Assets.xcassets */; };
/* End PBXBuildFile section */

/* Begin PBXFileReference section */
		8F1A0B0C0D0E0F1011121309 /* Flowmo.app */ = {isa = PBXFileReference; explicitFileType = wrapper.application; includeInIndex = 0; path = Flowmo.app; sourceTree = BUILT_PRODUCTS_DIR; };
		8F1A0B0C0D0E0F101112130A /* FlowmoMac.swift */ = {isa = PBXFileReference; lastKnownFileType = sourcecode.swift; path = FlowmoMac.swift; sourceTree = "<group>"; };
		8F1A0B0C0D0E0F1011121316 /* PrivacyInfo.xcprivacy */ = {isa = PBXFileReference; lastKnownFileType = text.xml; path = PrivacyInfo.xcprivacy; sourceTree = "<group>"; };
		8F1A0B0C0D0E0F1011121318 /* Assets.xcassets */ = {isa = PBXFileReference; lastKnownFileType = folder.assetcatalog; path = Assets.xcassets; sourceTree = "<group>"; };
/* End PBXFileReference section */

/* Begin PBXFrameworksBuildPhase section */
		8F1A0B0C0D0E0F101112130D /* Frameworks */ = {
			isa = PBXFrameworksBuildPhase;
			buildActionMask = 2147483647;
			files = (
				8F1A0B0C0D0E0F1011121312 /* FlowmoWindow in Frameworks */,
			);
			runOnlyForDeploymentPostprocessing = 0;
		};
/* End PBXFrameworksBuildPhase section */

/* Begin PBXGroup section */
		8F1A0B0C0D0E0F1011121310 = {
			isa = PBXGroup;
			children = (
				8F1A0B0C0D0E0F101112130A /* FlowmoMac.swift */,
				8F1A0B0C0D0E0F1011121316 /* PrivacyInfo.xcprivacy */,
				8F1A0B0C0D0E0F1011121318 /* Assets.xcassets */,
				8F1A0B0C0D0E0F101112130F /* Products */,
			);
			sourceTree = "<group>";
		};
		8F1A0B0C0D0E0F101112130F /* Products */ = {
			isa = PBXGroup;
			children = (
				8F1A0B0C0D0E0F1011121309 /* Flowmo.app */,
			);
			name = Products;
			sourceTree = "<group>";
		};
/* End PBXGroup section */

/* Begin PBXNativeTarget section */
		8F1A0B0C0D0E0F1011121308 /* Flowmo */ = {
			isa = PBXNativeTarget;
			buildConfigurationList = 8F1A0B0C0D0E0F1011121303 /* Build configuration list for PBXNativeTarget "Flowmo" */;
			buildPhases = (
				8F1A0B0C0D0E0F101112130C /* Sources */,
				8F1A0B0C0D0E0F101112130D /* Frameworks */,
				8F1A0B0C0D0E0F101112130E /* Resources */,
			);
			buildRules = (
			);
			dependencies = (
				8F1A0B0C0D0E0F1011121314 /* PBXTargetDependency */,
			);
			name = Flowmo;
			packageProductDependencies = (
				8F1A0B0C0D0E0F1011121311 /* FlowmoWindow */,
			);
			productName = Flowmo;
			productReference = 8F1A0B0C0D0E0F1011121309 /* Flowmo.app */;
			productType = "com.apple.product-type.application";
		};
/* End PBXNativeTarget section */

/* Begin PBXProject section */
		8F1A0B0C0D0E0F1011121301 /* Project object */ = {
			isa = PBXProject;
			attributes = {
				BuildIndependentTargetsInParallel = 1;
				LastSwiftUpdateCheck = 1600;
				LastUpgradeCheck = 1600;
				TargetAttributes = {
					8F1A0B0C0D0E0F1011121308 = {
						CreatedOnToolsVersion = 16.0;
						SystemCapabilities = {
							com.apple.Push = { enabled = 1; };
							com.apple.iCloud = { enabled = 1; };
						};
					};
				};
			};
			buildConfigurationList = 8F1A0B0C0D0E0F1011121302 /* Build configuration list for PBXProject "Flowmo" */;
			compatibilityVersion = "Xcode 15.0";
			developmentRegion = en;
			hasScannedForEncodings = 0;
			knownRegions = (
				en,
				Base,
			);
			mainGroup = 8F1A0B0C0D0E0F1011121310;
			packageReferences = (
				8F1A0B0C0D0E0F1011121313 /* XCLocalSwiftPackageReference ".." */,
			);
			productRefGroup = 8F1A0B0C0D0E0F101112130F /* Products */;
			projectDirPath = "";
			projectRoot = "";
			targets = (
				8F1A0B0C0D0E0F1011121308 /* Flowmo */,
			);
		};
/* End PBXProject section */

/* Begin PBXResourcesBuildPhase section */
		8F1A0B0C0D0E0F101112130E /* Resources */ = {
			isa = PBXResourcesBuildPhase;
			buildActionMask = 2147483647;
			files = (
				8F1A0B0C0D0E0F1011121317 /* Assets.xcassets in Resources */,
				8F1A0B0C0D0E0F1011121315 /* PrivacyInfo.xcprivacy in Resources */,
			);
			runOnlyForDeploymentPostprocessing = 0;
		};
/* End PBXResourcesBuildPhase section */

/* Begin PBXSourcesBuildPhase section */
		8F1A0B0C0D0E0F101112130C /* Sources */ = {
			isa = PBXSourcesBuildPhase;
			buildActionMask = 2147483647;
			files = (
				8F1A0B0C0D0E0F101112130B /* FlowmoMac.swift in Sources */,
			);
			runOnlyForDeploymentPostprocessing = 0;
		};
/* End PBXSourcesBuildPhase section */

/* Begin PBXTargetDependency section */
		8F1A0B0C0D0E0F1011121314 /* PBXTargetDependency */ = {
			isa = PBXTargetDependency;
			productRef = 8F1A0B0C0D0E0F1011121311 /* FlowmoWindow */;
		};
/* End PBXTargetDependency section */

/* Begin XCBuildConfiguration section */
		8F1A0B0C0D0E0F1011121304 /* Debug */ = {
			isa = XCBuildConfiguration;
			buildSettings = {
				ALWAYS_SEARCH_USER_PATHS = NO;
				CLANG_ENABLE_MODULES = YES;
				CLANG_ENABLE_OBJC_ARC = YES;
				COPY_PHASE_STRIP = NO;
				DEBUG_INFORMATION_FORMAT = dwarf;
				ENABLE_TESTABILITY = YES;
				ENABLE_USER_SCRIPT_SANDBOXING = YES;
				GCC_DYNAMIC_NO_PIC = NO;
				GCC_OPTIMIZATION_LEVEL = 0;
				MACOSX_DEPLOYMENT_TARGET = 14.0;
				ONLY_ACTIVE_ARCH = YES;
				SDKROOT = macosx;
				SWIFT_ACTIVE_COMPILATION_CONDITIONS = DEBUG;
				SWIFT_OPTIMIZATION_LEVEL = "-Onone";
				SWIFT_VERSION = 6.0;
			};
			name = Debug;
		};
		8F1A0B0C0D0E0F1011121305 /* Release */ = {
			isa = XCBuildConfiguration;
			buildSettings = {
				ALWAYS_SEARCH_USER_PATHS = NO;
				CLANG_ENABLE_MODULES = YES;
				CLANG_ENABLE_OBJC_ARC = YES;
				COPY_PHASE_STRIP = NO;
				DEBUG_INFORMATION_FORMAT = "dwarf-with-dsym";
				ENABLE_NS_ASSERTIONS = NO;
				ENABLE_USER_SCRIPT_SANDBOXING = YES;
				MACOSX_DEPLOYMENT_TARGET = 14.0;
				SDKROOT = macosx;
				SWIFT_COMPILATION_MODE = wholemodule;
				SWIFT_OPTIMIZATION_LEVEL = "-O";
				SWIFT_VERSION = 6.0;
			};
			name = Release;
		};
		8F1A0B0C0D0E0F1011121306 /* Debug */ = {
			isa = XCBuildConfiguration;
			buildSettings = {
				AD_HOC_CODE_SIGNING_ALLOWED = YES;
				ASSETCATALOG_COMPILER_APPICON_NAME = AppIcon;
				CODE_SIGN_ENTITLEMENTS = FlowmoMac.entitlements;
				CODE_SIGN_IDENTITY = "-";
				CODE_SIGN_STYLE = Manual;
				COMBINE_HIDPI_IMAGES = YES;
				CURRENT_PROJECT_VERSION = 4;
				DEVELOPMENT_TEAM = "";
				ENABLE_APP_SANDBOX = NO;
				ENABLE_HARDENED_RUNTIME = NO;
				GENERATE_INFOPLIST_FILE = YES;
				INFOPLIST_KEY_CFBundleDisplayName = Flowmo;
				INFOPLIST_KEY_LSApplicationCategoryType = "public.app-category.productivity";
				INFOPLIST_KEY_NSHumanReadableCopyright = "Copyright © 2026 Fran Carrara. All rights reserved.";
				INFOPLIST_KEY_NSPrincipalClass = NSApplication;
				INFOPLIST_KEY_NSUserNotificationAlertStyle = banner;
				LD_RUNPATH_SEARCH_PATHS = (
					"$(inherited)",
					"@executable_path/../Frameworks",
				);
				MACOSX_DEPLOYMENT_TARGET = 14.0;
				MARKETING_VERSION = 1.0;
				PRODUCT_BUNDLE_IDENTIFIER = app.flowmo.mac;
				PRODUCT_NAME = Flowmo;
				SWIFT_EMIT_LOC_STRINGS = YES;
				SWIFT_VERSION = 6.0;
			};
			name = Debug;
		};
		8F1A0B0C0D0E0F1011121307 /* Release */ = {
			isa = XCBuildConfiguration;
			buildSettings = {
				AD_HOC_CODE_SIGNING_ALLOWED = YES;
				ASSETCATALOG_COMPILER_APPICON_NAME = AppIcon;
				CODE_SIGN_ENTITLEMENTS = FlowmoMac.entitlements;
				CODE_SIGN_INJECT_BASE_ENTITLEMENTS = NO;
				CODE_SIGN_IDENTITY = "-";
				CODE_SIGN_STYLE = Manual;
				COMBINE_HIDPI_IMAGES = YES;
				CURRENT_PROJECT_VERSION = 4;
				DEVELOPMENT_TEAM = "";
				ENABLE_APP_SANDBOX = NO;
				ENABLE_HARDENED_RUNTIME = YES;
				GENERATE_INFOPLIST_FILE = YES;
				INFOPLIST_KEY_CFBundleDisplayName = Flowmo;
				INFOPLIST_KEY_LSApplicationCategoryType = "public.app-category.productivity";
				INFOPLIST_KEY_NSHumanReadableCopyright = "Copyright © 2026 Fran Carrara. All rights reserved.";
				INFOPLIST_KEY_NSPrincipalClass = NSApplication;
				INFOPLIST_KEY_NSUserNotificationAlertStyle = banner;
				LD_RUNPATH_SEARCH_PATHS = (
					"$(inherited)",
					"@executable_path/../Frameworks",
				);
				MACOSX_DEPLOYMENT_TARGET = 14.0;
				MARKETING_VERSION = 1.0;
				PRODUCT_BUNDLE_IDENTIFIER = app.flowmo.mac;
				PRODUCT_NAME = Flowmo;
				SWIFT_EMIT_LOC_STRINGS = YES;
				SWIFT_VERSION = 6.0;
			};
			name = Release;
		};
/* End XCBuildConfiguration section */

/* Begin XCConfigurationList section */
		8F1A0B0C0D0E0F1011121302 /* Build configuration list for PBXProject "Flowmo" */ = {
			isa = XCConfigurationList;
			buildConfigurations = (
				8F1A0B0C0D0E0F1011121304 /* Debug */,
				8F1A0B0C0D0E0F1011121305 /* Release */,
			);
			defaultConfigurationIsVisible = 0;
			defaultConfigurationName = Release;
		};
		8F1A0B0C0D0E0F1011121303 /* Build configuration list for PBXNativeTarget "Flowmo" */ = {
			isa = XCConfigurationList;
			buildConfigurations = (
				8F1A0B0C0D0E0F1011121306 /* Debug */,
				8F1A0B0C0D0E0F1011121307 /* Release */,
			);
			defaultConfigurationIsVisible = 0;
			defaultConfigurationName = Release;
		};
/* End XCConfigurationList section */

/* Begin XCLocalSwiftPackageReference section */
		8F1A0B0C0D0E0F1011121313 /* XCLocalSwiftPackageReference ".." */ = {
			isa = XCLocalSwiftPackageReference;
			relativePath = ..;
		};
/* End XCLocalSwiftPackageReference section */

/* Begin XCSwiftPackageProductDependency section */
		8F1A0B0C0D0E0F1011121311 /* FlowmoWindow */ = {
			isa = XCSwiftPackageProductDependency;
			package = 8F1A0B0C0D0E0F1011121313 /* XCLocalSwiftPackageReference ".." */;
			productName = FlowmoWindow;
		};
/* End XCSwiftPackageProductDependency section */
	};
	rootObject = 8F1A0B0C0D0E0F1011121301 /* Project object */;
}
