// !$*UTF8*$!
{
	archiveVersion = 1;
	classes = {
	};
	objectVersion = 60;
	objects = {

/* Begin PBXBuildFile section */
		9F1A0B0C0D0E0F101112130B /* FlowmoPhone.swift in Sources */ = {isa = PBXBuildFile; fileRef = 9F1A0B0C0D0E0F101112130A /* FlowmoPhone.swift */; };
		9F1A0B0C0D0E0F1011121312 /* FlowmoPhone in Frameworks */ = {isa = PBXBuildFile; productRef = 9F1A0B0C0D0E0F1011121311 /* FlowmoPhone */; };
		A1B2C3D4E5F6071829304001 /* FlowmoGlance.swift in Sources */ = {isa = PBXBuildFile; fileRef = A1B2C3D4E5F6071829304002 /* FlowmoGlance.swift */; };
		A1B2C3D4E5F6071829304003 /* FlowmoCore in Frameworks */ = {isa = PBXBuildFile; productRef = A1B2C3D4E5F6071829304004 /* FlowmoCore */; };
		B1C2D3E4F506172839405001 /* FlowmoLook in Frameworks */ = {isa = PBXBuildFile; productRef = B1C2D3E4F506172839405002 /* FlowmoLook */; };
		A1B2C3D4E5F6071829304005 /* FlowmoGlance.appex in Embed Foundation Extensions */ = {isa = PBXBuildFile; fileRef = A1B2C3D4E5F6071829304006 /* FlowmoGlance.appex */; settings = {ATTRIBUTES = (RemoveHeadersOnCopy, ); }; };
		C1D2E3F40516273849506001 /* PrivacyInfo.xcprivacy in Resources */ = {isa = PBXBuildFile; fileRef = C1D2E3F40516273849506003 /* PrivacyInfo.xcprivacy */; };
		C1D2E3F40516273849506002 /* PrivacyInfo.xcprivacy in Resources */ = {isa = PBXBuildFile; fileRef = C1D2E3F40516273849506003 /* PrivacyInfo.xcprivacy */; };
		9F1A0B0C0D0E0F1011121317 /* Assets.xcassets in Resources */ = {isa = PBXBuildFile; fileRef = 9F1A0B0C0D0E0F1011121318 /* Assets.xcassets */; };
		D0F10A0B0C0D0E0F10111201 /* FlowmoPhoneLocal.swift in Sources */ = {isa = PBXBuildFile; fileRef = D0F10A0B0C0D0E0F10111202 /* FlowmoPhoneLocal.swift */; };
		D0F10A0B0C0D0E0F10111203 /* FlowmoPhone in Frameworks */ = {isa = PBXBuildFile; productRef = 9F1A0B0C0D0E0F1011121311 /* FlowmoPhone */; };
		D0F10A0B0C0D0E0F10111204 /* Assets.xcassets in Resources */ = {isa = PBXBuildFile; fileRef = 9F1A0B0C0D0E0F1011121318 /* Assets.xcassets */; };
		D0F10A0B0C0D0E0F10111205 /* PrivacyInfo.xcprivacy in Resources */ = {isa = PBXBuildFile; fileRef = D0F10A0B0C0D0E0F10111206 /* PrivacyInfo.xcprivacy */; };
		E0F10A0B0C0D0E0F10111201 /* FlowmoFocusActivity.swift in Sources */ = {isa = PBXBuildFile; fileRef = E0F10A0B0C0D0E0F10111202 /* FlowmoFocusActivity.swift */; };
		E0F10A0B0C0D0E0F10111203 /* FlowmoActivity in Frameworks */ = {isa = PBXBuildFile; productRef = E0F10A0B0C0D0E0F10111204 /* FlowmoActivity */; };
		E0F10A0B0C0D0E0F10111205 /* FlowmoFocusActivity.appex in Embed Foundation Extensions */ = {isa = PBXBuildFile; fileRef = E0F10A0B0C0D0E0F10111206 /* FlowmoFocusActivity.appex */; settings = {ATTRIBUTES = (RemoveHeadersOnCopy, ); }; };
		E0F10A0B0C0D0E0F1011120C /* PrivacyInfo.xcprivacy in Resources */ = {isa = PBXBuildFile; fileRef = E0F10A0B0C0D0E0F1011120B /* PrivacyInfo.xcprivacy */; };
/* End PBXBuildFile section */

/* Begin PBXContainerItemProxy section */
		A1B2C3D4E5F6071829304007 /* PBXContainerItemProxy */ = {
			isa = PBXContainerItemProxy;
			containerPortal = 9F1A0B0C0D0E0F1011121301 /* Project object */;
			proxyType = 1;
			remoteGlobalIDString = A1B2C3D4E5F6071829304008;
			remoteInfo = FlowmoGlance;
		};
		E0F10A0B0C0D0E0F10111207 /* PBXContainerItemProxy */ = {
			isa = PBXContainerItemProxy;
			containerPortal = 9F1A0B0C0D0E0F1011121301 /* Project object */;
			proxyType = 1;
			remoteGlobalIDString = E0F10A0B0C0D0E0F10111208;
			remoteInfo = FlowmoFocusActivity;
		};
/* End PBXContainerItemProxy section */

/* Begin PBXCopyFilesBuildPhase section */
		A1B2C3D4E5F6071829304009 /* Embed Foundation Extensions */ = {
			isa = PBXCopyFilesBuildPhase;
			buildActionMask = 2147483647;
			dstPath = "";
			dstSubfolderSpec = 13;
			files = (
				A1B2C3D4E5F6071829304005 /* FlowmoGlance.appex in Embed Foundation Extensions */,
			);
			name = "Embed Foundation Extensions";
			runOnlyForDeploymentPostprocessing = 0;
		};
		E0F10A0B0C0D0E0F10111209 /* Embed Foundation Extensions */ = {
			isa = PBXCopyFilesBuildPhase;
			buildActionMask = 2147483647;
			dstPath = "";
			dstSubfolderSpec = 13;
			files = (
				E0F10A0B0C0D0E0F10111205 /* FlowmoFocusActivity.appex in Embed Foundation Extensions */,
			);
			name = "Embed Foundation Extensions";
			runOnlyForDeploymentPostprocessing = 0;
		};
/* End PBXCopyFilesBuildPhase section */

/* Begin PBXFileReference section */
		9F1A0B0C0D0E0F1011121309 /* Flowmo.app */ = {isa = PBXFileReference; explicitFileType = wrapper.application; includeInIndex = 0; path = Flowmo.app; sourceTree = BUILT_PRODUCTS_DIR; };
		9F1A0B0C0D0E0F101112130A /* FlowmoPhone.swift */ = {isa = PBXFileReference; lastKnownFileType = sourcecode.swift; path = FlowmoPhone.swift; sourceTree = "<group>"; };
		A1B2C3D4E5F6071829304002 /* FlowmoGlance.swift */ = {isa = PBXFileReference; lastKnownFileType = sourcecode.swift; path = FlowmoGlance.swift; sourceTree = "<group>"; };
		A1B2C3D4E5F6071829304006 /* FlowmoGlance.appex */ = {isa = PBXFileReference; explicitFileType = "wrapper.app-extension"; includeInIndex = 0; path = FlowmoGlance.appex; sourceTree = BUILT_PRODUCTS_DIR; };
		A1B2C3D4E5F607182930400A /* Info.plist */ = {isa = PBXFileReference; lastKnownFileType = text.plist.xml; path = Info.plist; sourceTree = "<group>"; };
		A1B2C3D4E5F607182930400B /* FlowmoGlance.entitlements */ = {isa = PBXFileReference; lastKnownFileType = text.plist.entitlements; path = FlowmoGlance.entitlements; sourceTree = "<group>"; };
		A1B2C3D4E5F607182930400C /* Flowmo.entitlements */ = {isa = PBXFileReference; lastKnownFileType = text.plist.entitlements; path = Flowmo.entitlements; sourceTree = "<group>"; };
		C1D2E3F40516273849506003 /* PrivacyInfo.xcprivacy */ = {isa = PBXFileReference; lastKnownFileType = text.xml; path = PrivacyInfo.xcprivacy; sourceTree = "<group>"; };
		9F1A0B0C0D0E0F1011121318 /* Assets.xcassets */ = {isa = PBXFileReference; lastKnownFileType = folder.assetcatalog; path = Assets.xcassets; sourceTree = "<group>"; };
		D0F10A0B0C0D0E0F10111202 /* FlowmoPhoneLocal.swift */ = {isa = PBXFileReference; lastKnownFileType = sourcecode.swift; path = FlowmoPhoneLocal.swift; sourceTree = "<group>"; };
		D0F10A0B0C0D0E0F10111206 /* PrivacyInfo.xcprivacy */ = {isa = PBXFileReference; lastKnownFileType = text.xml; path = PrivacyInfo.xcprivacy; sourceTree = "<group>"; };
		D0F10A0B0C0D0E0F10111207 /* FlowmoLocal.app */ = {isa = PBXFileReference; explicitFileType = wrapper.application; includeInIndex = 0; path = FlowmoLocal.app; sourceTree = BUILT_PRODUCTS_DIR; };
		E0F10A0B0C0D0E0F10111202 /* FlowmoFocusActivity.swift */ = {isa = PBXFileReference; lastKnownFileType = sourcecode.swift; path = FlowmoFocusActivity.swift; sourceTree = "<group>"; };
		E0F10A0B0C0D0E0F10111206 /* FlowmoFocusActivity.appex */ = {isa = PBXFileReference; explicitFileType = "wrapper.app-extension"; includeInIndex = 0; path = FlowmoFocusActivity.appex; sourceTree = BUILT_PRODUCTS_DIR; };
		E0F10A0B0C0D0E0F1011120A /* Info.plist */ = {isa = PBXFileReference; lastKnownFileType = text.plist.xml; path = Info.plist; sourceTree = "<group>"; };
		E0F10A0B0C0D0E0F1011120B /* PrivacyInfo.xcprivacy */ = {isa = PBXFileReference; lastKnownFileType = text.xml; path = PrivacyInfo.xcprivacy; sourceTree = "<group>"; };
/* End PBXFileReference section */

/* Begin PBXFrameworksBuildPhase section */
		9F1A0B0C0D0E0F101112130D /* Frameworks */ = {
			isa = PBXFrameworksBuildPhase;
			buildActionMask = 2147483647;
			files = (
				9F1A0B0C0D0E0F1011121312 /* FlowmoPhone in Frameworks */,
			);
			runOnlyForDeploymentPostprocessing = 0;
		};
		A1B2C3D4E5F607182930400D /* Frameworks */ = {
			isa = PBXFrameworksBuildPhase;
			buildActionMask = 2147483647;
			files = (
				A1B2C3D4E5F6071829304003 /* FlowmoCore in Frameworks */,
				B1C2D3E4F506172839405001 /* FlowmoLook in Frameworks */,
			);
			runOnlyForDeploymentPostprocessing = 0;
		};
		D0F10A0B0C0D0E0F10111208 /* Frameworks */ = {
			isa = PBXFrameworksBuildPhase;
			buildActionMask = 2147483647;
			files = (
				D0F10A0B0C0D0E0F10111203 /* FlowmoPhone in Frameworks */,
			);
			runOnlyForDeploymentPostprocessing = 0;
		};
		E0F10A0B0C0D0E0F1011120D /* Frameworks */ = {
			isa = PBXFrameworksBuildPhase;
			buildActionMask = 2147483647;
			files = (
				E0F10A0B0C0D0E0F10111203 /* FlowmoActivity in Frameworks */,
			);
			runOnlyForDeploymentPostprocessing = 0;
		};
/* End PBXFrameworksBuildPhase section */

/* Begin PBXGroup section */
		9F1A0B0C0D0E0F1011121310 = {
			isa = PBXGroup;
			children = (
				9F1A0B0C0D0E0F101112130A /* FlowmoPhone.swift */,
				D0F10A0B0C0D0E0F10111202 /* FlowmoPhoneLocal.swift */,
				D0F10A0B0C0D0E0F10111209 /* FlowmoPhoneLocal */,
				E0F10A0B0C0D0E0F1011120E /* FlowmoFocusActivity */,
				A1B2C3D4E5F607182930400C /* Flowmo.entitlements */,
				C1D2E3F40516273849506003 /* PrivacyInfo.xcprivacy */,
				9F1A0B0C0D0E0F1011121318 /* Assets.xcassets */,
				A1B2C3D4E5F607182930400E /* FlowmoGlance */,
				9F1A0B0C0D0E0F101112130F /* Products */,
			);
			sourceTree = "<group>";
		};
		9F1A0B0C0D0E0F101112130F /* Products */ = {
			isa = PBXGroup;
			children = (
				9F1A0B0C0D0E0F1011121309 /* Flowmo.app */,
				D0F10A0B0C0D0E0F10111207 /* FlowmoLocal.app */,
				E0F10A0B0C0D0E0F10111206 /* FlowmoFocusActivity.appex */,
				A1B2C3D4E5F6071829304006 /* FlowmoGlance.appex */,
			);
			name = Products;
			sourceTree = "<group>";
		};
		A1B2C3D4E5F607182930400E /* FlowmoGlance */ = {
			isa = PBXGroup;
			children = (
				A1B2C3D4E5F6071829304002 /* FlowmoGlance.swift */,
				A1B2C3D4E5F607182930400A /* Info.plist */,
				A1B2C3D4E5F607182930400B /* FlowmoGlance.entitlements */,
			);
			path = FlowmoGlance;
			sourceTree = "<group>";
		};
		D0F10A0B0C0D0E0F10111209 /* FlowmoPhoneLocal */ = {
			isa = PBXGroup;
			children = (
				D0F10A0B0C0D0E0F10111206 /* PrivacyInfo.xcprivacy */,
			);
			path = FlowmoPhoneLocal;
			sourceTree = "<group>";
		};
		E0F10A0B0C0D0E0F1011120E /* FlowmoFocusActivity */ = {
			isa = PBXGroup;
			children = (
				E0F10A0B0C0D0E0F10111202 /* FlowmoFocusActivity.swift */,
				E0F10A0B0C0D0E0F1011120A /* Info.plist */,
				E0F10A0B0C0D0E0F1011120B /* PrivacyInfo.xcprivacy */,
			);
			path = FlowmoFocusActivity;
			sourceTree = "<group>";
		};
/* End PBXGroup section */

/* Begin PBXNativeTarget section */
		9F1A0B0C0D0E0F1011121308 /* Flowmo */ = {
			isa = PBXNativeTarget;
			buildConfigurationList = 9F1A0B0C0D0E0F1011121303 /* Build configuration list for PBXNativeTarget "Flowmo" */;
			buildPhases = (
				9F1A0B0C0D0E0F101112130C /* Sources */,
				9F1A0B0C0D0E0F101112130D /* Frameworks */,
				9F1A0B0C0D0E0F101112130E /* Resources */,
				A1B2C3D4E5F6071829304009 /* Embed Foundation Extensions */,
			);
			buildRules = (
			);
			dependencies = (
				9F1A0B0C0D0E0F1011121314 /* PBXTargetDependency */,
				A1B2C3D4E5F607182930400F /* PBXTargetDependency */,
			);
			name = Flowmo;
			packageProductDependencies = (
				9F1A0B0C0D0E0F1011121311 /* FlowmoPhone */,
			);
			productName = Flowmo;
			productReference = 9F1A0B0C0D0E0F1011121309 /* Flowmo.app */;
			productType = "com.apple.product-type.application";
		};
		A1B2C3D4E5F6071829304008 /* FlowmoGlance */ = {
			isa = PBXNativeTarget;
			buildConfigurationList = A1B2C3D4E5F6071829304010 /* Build configuration list for PBXNativeTarget "FlowmoGlance" */;
			buildPhases = (
				A1B2C3D4E5F6071829304011 /* Sources */,
				A1B2C3D4E5F607182930400D /* Frameworks */,
				A1B2C3D4E5F6071829304012 /* Resources */,
			);
			buildRules = (
			);
			dependencies = (
				A1B2C3D4E5F6071829304013 /* PBXTargetDependency */,
			);
			name = FlowmoGlance;
			packageProductDependencies = (
				A1B2C3D4E5F6071829304004 /* FlowmoCore */,
				B1C2D3E4F506172839405002 /* FlowmoLook */,
			);
			productName = FlowmoGlance;
			productReference = A1B2C3D4E5F6071829304006 /* FlowmoGlance.appex */;
			productType = "com.apple.product-type.app-extension";
		};
		D0F10A0B0C0D0E0F1011120A /* FlowmoPhoneLocal */ = {
			isa = PBXNativeTarget;
			buildConfigurationList = D0F10A0B0C0D0E0F1011120B /* Build configuration list for PBXNativeTarget "FlowmoPhoneLocal" */;
			buildPhases = (
				D0F10A0B0C0D0E0F1011120C /* Sources */,
				D0F10A0B0C0D0E0F10111208 /* Frameworks */,
				D0F10A0B0C0D0E0F1011120D /* Resources */,
				E0F10A0B0C0D0E0F10111209 /* Embed Foundation Extensions */,
			);
			buildRules = (
			);
			dependencies = (
				D0F10A0B0C0D0E0F1011120E /* PBXTargetDependency */,
				E0F10A0B0C0D0E0F1011120F /* PBXTargetDependency */,
			);
			name = FlowmoPhoneLocal;
			packageProductDependencies = (
				9F1A0B0C0D0E0F1011121311 /* FlowmoPhone */,
			);
			productName = FlowmoLocal;
			productReference = D0F10A0B0C0D0E0F10111207 /* FlowmoLocal.app */;
			productType = "com.apple.product-type.application";
		};
		E0F10A0B0C0D0E0F10111208 /* FlowmoFocusActivity */ = {
			isa = PBXNativeTarget;
			buildConfigurationList = E0F10A0B0C0D0E0F10111210 /* Build configuration list for PBXNativeTarget "FlowmoFocusActivity" */;
			buildPhases = (
				E0F10A0B0C0D0E0F10111211 /* Sources */,
				E0F10A0B0C0D0E0F1011120D /* Frameworks */,
				E0F10A0B0C0D0E0F10111212 /* Resources */,
			);
			buildRules = (
			);
			dependencies = (
				E0F10A0B0C0D0E0F10111213 /* PBXTargetDependency */,
			);
			name = FlowmoFocusActivity;
			packageProductDependencies = (
				E0F10A0B0C0D0E0F10111204 /* FlowmoActivity */,
			);
			productName = FlowmoFocusActivity;
			productReference = E0F10A0B0C0D0E0F10111206 /* FlowmoFocusActivity.appex */;
			productType = "com.apple.product-type.app-extension";
		};
/* End PBXNativeTarget section */

/* Begin PBXProject section */
		9F1A0B0C0D0E0F1011121301 /* Project object */ = {
			isa = PBXProject;
			attributes = {
				BuildIndependentTargetsInParallel = 1;
				LastSwiftUpdateCheck = 1600;
				LastUpgradeCheck = 1600;
				TargetAttributes = {
					D0F10A0B0C0D0E0F1011120A = {
						CreatedOnToolsVersion = 16.0;
						ProvisioningStyle = Automatic;
					};
					9F1A0B0C0D0E0F1011121308 = {
						CreatedOnToolsVersion = 16.0;
						SystemCapabilities = {
							com.apple.Push = { enabled = 1; };
							com.apple.iCloud = { enabled = 1; };
						};
					};
					A1B2C3D4E5F6071829304008 = {
						CreatedOnToolsVersion = 16.0;
					};
				};
			};
			buildConfigurationList = 9F1A0B0C0D0E0F1011121302 /* Build configuration list for PBXProject "FlowmoPhone" */;
			compatibilityVersion = "Xcode 15.0";
			developmentRegion = en;
			hasScannedForEncodings = 0;
			knownRegions = (
				en,
				Base,
			);
			mainGroup = 9F1A0B0C0D0E0F1011121310;
			packageReferences = (
				9F1A0B0C0D0E0F1011121313 /* XCLocalSwiftPackageReference ".." */,
			);
			productRefGroup = 9F1A0B0C0D0E0F101112130F /* Products */;
			projectDirPath = "";
			projectRoot = "";
			targets = (
				9F1A0B0C0D0E0F1011121308 /* Flowmo */,
				A1B2C3D4E5F6071829304008 /* FlowmoGlance */,
				D0F10A0B0C0D0E0F1011120A /* FlowmoPhoneLocal */,
				E0F10A0B0C0D0E0F10111208 /* FlowmoFocusActivity */,
			);
		};
/* End PBXProject section */

/* Begin PBXResourcesBuildPhase section */
		9F1A0B0C0D0E0F101112130E /* Resources */ = {
			isa = PBXResourcesBuildPhase;
			buildActionMask = 2147483647;
			files = (
				9F1A0B0C0D0E0F1011121317 /* Assets.xcassets in Resources */,
				C1D2E3F40516273849506001 /* PrivacyInfo.xcprivacy in Resources */,
			);
			runOnlyForDeploymentPostprocessing = 0;
		};
		A1B2C3D4E5F6071829304012 /* Resources */ = {
			isa = PBXResourcesBuildPhase;
			buildActionMask = 2147483647;
			files = (
				C1D2E3F40516273849506002 /* PrivacyInfo.xcprivacy in Resources */,
			);
			runOnlyForDeploymentPostprocessing = 0;
		};
		D0F10A0B0C0D0E0F1011120D /* Resources */ = {
			isa = PBXResourcesBuildPhase;
			buildActionMask = 2147483647;
			files = (
				D0F10A0B0C0D0E0F10111204 /* Assets.xcassets in Resources */,
				D0F10A0B0C0D0E0F10111205 /* PrivacyInfo.xcprivacy in Resources */,
			);
			runOnlyForDeploymentPostprocessing = 0;
		};
		E0F10A0B0C0D0E0F10111212 /* Resources */ = {
			isa = PBXResourcesBuildPhase;
			buildActionMask = 2147483647;
			files = (
				E0F10A0B0C0D0E0F1011120C /* PrivacyInfo.xcprivacy in Resources */,
			);
			runOnlyForDeploymentPostprocessing = 0;
		};
/* End PBXResourcesBuildPhase section */

/* Begin PBXSourcesBuildPhase section */
		9F1A0B0C0D0E0F101112130C /* Sources */ = {
			isa = PBXSourcesBuildPhase;
			buildActionMask = 2147483647;
			files = (
				9F1A0B0C0D0E0F101112130B /* FlowmoPhone.swift in Sources */,
			);
			runOnlyForDeploymentPostprocessing = 0;
		};
		A1B2C3D4E5F6071829304011 /* Sources */ = {
			isa = PBXSourcesBuildPhase;
			buildActionMask = 2147483647;
			files = (
				A1B2C3D4E5F6071829304001 /* FlowmoGlance.swift in Sources */,
			);
			runOnlyForDeploymentPostprocessing = 0;
		};
		D0F10A0B0C0D0E0F1011120C /* Sources */ = {
			isa = PBXSourcesBuildPhase;
			buildActionMask = 2147483647;
			files = (
				D0F10A0B0C0D0E0F10111201 /* FlowmoPhoneLocal.swift in Sources */,
			);
			runOnlyForDeploymentPostprocessing = 0;
		};
		E0F10A0B0C0D0E0F10111211 /* Sources */ = {
			isa = PBXSourcesBuildPhase;
			buildActionMask = 2147483647;
			files = (
				E0F10A0B0C0D0E0F10111201 /* FlowmoFocusActivity.swift in Sources */,
			);
			runOnlyForDeploymentPostprocessing = 0;
		};
/* End PBXSourcesBuildPhase section */

/* Begin PBXTargetDependency section */
		9F1A0B0C0D0E0F1011121314 /* PBXTargetDependency */ = {
			isa = PBXTargetDependency;
			productRef = 9F1A0B0C0D0E0F1011121311 /* FlowmoPhone */;
		};
		A1B2C3D4E5F607182930400F /* PBXTargetDependency */ = {
			isa = PBXTargetDependency;
			target = A1B2C3D4E5F6071829304008 /* FlowmoGlance */;
			targetProxy = A1B2C3D4E5F6071829304007 /* PBXContainerItemProxy */;
		};
		A1B2C3D4E5F6071829304013 /* PBXTargetDependency */ = {
			isa = PBXTargetDependency;
			productRef = A1B2C3D4E5F6071829304004 /* FlowmoCore */;
		};
		D0F10A0B0C0D0E0F1011120E /* PBXTargetDependency */ = {
			isa = PBXTargetDependency;
			productRef = 9F1A0B0C0D0E0F1011121311 /* FlowmoPhone */;
		};
		E0F10A0B0C0D0E0F1011120F /* PBXTargetDependency */ = {
			isa = PBXTargetDependency;
			target = E0F10A0B0C0D0E0F10111208 /* FlowmoFocusActivity */;
			targetProxy = E0F10A0B0C0D0E0F10111207 /* PBXContainerItemProxy */;
		};
		E0F10A0B0C0D0E0F10111213 /* PBXTargetDependency */ = {
			isa = PBXTargetDependency;
			productRef = E0F10A0B0C0D0E0F10111204 /* FlowmoActivity */;
		};
/* End PBXTargetDependency section */

/* Begin XCBuildConfiguration section */
		9F1A0B0C0D0E0F1011121304 /* Debug */ = {
			isa = XCBuildConfiguration;
			buildSettings = {
				ALWAYS_SEARCH_USER_PATHS = NO;
				CLANG_ENABLE_MODULES = YES;
				CLANG_ENABLE_OBJC_ARC = YES;
				COPY_PHASE_STRIP = NO;
				DEBUG_INFORMATION_FORMAT = dwarf;
				ENABLE_TESTABILITY = YES;
				ENABLE_USER_SCRIPT_SANDBOXING = YES;
				GCC_DYNAMIC_NO_PIC = NO;
				GCC_OPTIMIZATION_LEVEL = 0;
				IPHONEOS_DEPLOYMENT_TARGET = 17.0;
				ONLY_ACTIVE_ARCH = YES;
				SDKROOT = iphoneos;
				SWIFT_ACTIVE_COMPILATION_CONDITIONS = DEBUG;
				SWIFT_OPTIMIZATION_LEVEL = "-Onone";
				SWIFT_VERSION = 6.0;
			};
			name = Debug;
		};
		9F1A0B0C0D0E0F1011121305 /* Release */ = {
			isa = XCBuildConfiguration;
			buildSettings = {
				ALWAYS_SEARCH_USER_PATHS = NO;
				CLANG_ENABLE_MODULES = YES;
				CLANG_ENABLE_OBJC_ARC = YES;
				COPY_PHASE_STRIP = NO;
				DEBUG_INFORMATION_FORMAT = "dwarf-with-dsym";
				ENABLE_NS_ASSERTIONS = NO;
				ENABLE_USER_SCRIPT_SANDBOXING = YES;
				IPHONEOS_DEPLOYMENT_TARGET = 17.0;
				SDKROOT = iphoneos;
				SWIFT_COMPILATION_MODE = wholemodule;
				SWIFT_OPTIMIZATION_LEVEL = "-O";
				SWIFT_VERSION = 6.0;
			};
			name = Release;
		};
		9F1A0B0C0D0E0F1011121306 /* Debug */ = {
			isa = XCBuildConfiguration;
			buildSettings = {
				AD_HOC_CODE_SIGNING_ALLOWED = YES;
				ASSETCATALOG_COMPILER_APPICON_NAME = AppIcon;
				CODE_SIGN_ENTITLEMENTS = Flowmo.entitlements;
				CODE_SIGN_IDENTITY = "-";
				CODE_SIGN_STYLE = Manual;
				CURRENT_PROJECT_VERSION = 4;
				DEVELOPMENT_TEAM = "";
				GENERATE_INFOPLIST_FILE = YES;
				INFOPLIST_FILE = "FlowmoPhone-Info.plist";
				INFOPLIST_KEY_CFBundleDisplayName = Flowmo;
				INFOPLIST_KEY_ITSAppUsesNonExemptEncryption = NO;
				INFOPLIST_KEY_LSApplicationCategoryType = "public.app-category.productivity";
				INFOPLIST_KEY_NSHumanReadableCopyright = "Copyright © 2026 Fran Carrara. All rights reserved.";
				INFOPLIST_KEY_UIApplicationSupportsIndirectInputEvents = YES;
				INFOPLIST_KEY_UILaunchScreen_Generation = YES;
				INFOPLIST_KEY_UISupportedInterfaceOrientations = UIInterfaceOrientationPortrait;
				IPHONEOS_DEPLOYMENT_TARGET = 17.0;
				LD_RUNPATH_SEARCH_PATHS = (
					"$(inherited)",
					"@executable_path/Frameworks",
				);
				MARKETING_VERSION = 1.0;
				PRODUCT_BUNDLE_IDENTIFIER = app.flowmo.phone;
				PRODUCT_NAME = Flowmo;
				SDKROOT = iphoneos;
				SUPPORTED_PLATFORMS = "iphoneos iphonesimulator";
				SUPPORTS_MACCATALYST = NO;
				SWIFT_EMIT_LOC_STRINGS = YES;
				SWIFT_VERSION = 6.0;
				TARGETED_DEVICE_FAMILY = 1;
			};
			name = Debug;
		};
		9F1A0B0C0D0E0F1011121307 /* Release */ = {
			isa = XCBuildConfiguration;
			buildSettings = {
				AD_HOC_CODE_SIGNING_ALLOWED = YES;
				ASSETCATALOG_COMPILER_APPICON_NAME = AppIcon;
				CODE_SIGN_ENTITLEMENTS = Flowmo.entitlements;
				CODE_SIGN_IDENTITY = "-";
				CODE_SIGN_STYLE = Manual;
				CURRENT_PROJECT_VERSION = 4;
				DEVELOPMENT_TEAM = "";
				GENERATE_INFOPLIST_FILE = YES;
				INFOPLIST_FILE = "FlowmoPhone-Info.plist";
				INFOPLIST_KEY_CFBundleDisplayName = Flowmo;
				INFOPLIST_KEY_ITSAppUsesNonExemptEncryption = NO;
				INFOPLIST_KEY_LSApplicationCategoryType = "public.app-category.productivity";
				INFOPLIST_KEY_NSHumanReadableCopyright = "Copyright © 2026 Fran Carrara. All rights reserved.";
				INFOPLIST_KEY_UIApplicationSupportsIndirectInputEvents = YES;
				INFOPLIST_KEY_UILaunchScreen_Generation = YES;
				INFOPLIST_KEY_UISupportedInterfaceOrientations = UIInterfaceOrientationPortrait;
				IPHONEOS_DEPLOYMENT_TARGET = 17.0;
				LD_RUNPATH_SEARCH_PATHS = (
					"$(inherited)",
					"@executable_path/Frameworks",
				);
				MARKETING_VERSION = 1.0;
				PRODUCT_BUNDLE_IDENTIFIER = app.flowmo.phone;
				PRODUCT_NAME = Flowmo;
				SDKROOT = iphoneos;
				SUPPORTED_PLATFORMS = "iphoneos iphonesimulator";
				SUPPORTS_MACCATALYST = NO;
				SWIFT_EMIT_LOC_STRINGS = YES;
				SWIFT_VERSION = 6.0;
				TARGETED_DEVICE_FAMILY = 1;
			};
			name = Release;
		};
		A1B2C3D4E5F6071829304014 /* Debug */ = {
			isa = XCBuildConfiguration;
			buildSettings = {
				AD_HOC_CODE_SIGNING_ALLOWED = YES;
				CODE_SIGN_ENTITLEMENTS = FlowmoGlance/FlowmoGlance.entitlements;
				CODE_SIGN_IDENTITY = "-";
				CODE_SIGN_STYLE = Manual;
				CURRENT_PROJECT_VERSION = 4;
				GENERATE_INFOPLIST_FILE = YES;
				INFOPLIST_FILE = FlowmoGlance/Info.plist;
				INFOPLIST_KEY_CFBundleDisplayName = Flowmo;
				INFOPLIST_KEY_ITSAppUsesNonExemptEncryption = NO;
				INFOPLIST_KEY_NSHumanReadableCopyright = "Copyright © 2026 Fran Carrara. All rights reserved.";
				IPHONEOS_DEPLOYMENT_TARGET = 17.0;
				LD_RUNPATH_SEARCH_PATHS = (
					"$(inherited)",
					"@executable_path/Frameworks",
					"@executable_path/../../Frameworks",
				);
				MARKETING_VERSION = 1.0;
				PRODUCT_BUNDLE_IDENTIFIER = app.flowmo.phone.widget;
				PRODUCT_NAME = FlowmoGlance;
				SDKROOT = iphoneos;
				SKIP_INSTALL = YES;
				SUPPORTED_PLATFORMS = "iphoneos iphonesimulator";
				SUPPORTS_MACCATALYST = NO;
				SWIFT_VERSION = 6.0;
				TARGETED_DEVICE_FAMILY = 1;
			};
			name = Debug;
		};
		A1B2C3D4E5F6071829304015 /* Release */ = {
			isa = XCBuildConfiguration;
			buildSettings = {
				AD_HOC_CODE_SIGNING_ALLOWED = YES;
				CODE_SIGN_ENTITLEMENTS = FlowmoGlance/FlowmoGlance.entitlements;
				CODE_SIGN_IDENTITY = "-";
				CODE_SIGN_STYLE = Manual;
				CURRENT_PROJECT_VERSION = 4;
				GENERATE_INFOPLIST_FILE = YES;
				INFOPLIST_FILE = FlowmoGlance/Info.plist;
				INFOPLIST_KEY_CFBundleDisplayName = Flowmo;
				INFOPLIST_KEY_ITSAppUsesNonExemptEncryption = NO;
				INFOPLIST_KEY_NSHumanReadableCopyright = "Copyright © 2026 Fran Carrara. All rights reserved.";
				IPHONEOS_DEPLOYMENT_TARGET = 17.0;
				LD_RUNPATH_SEARCH_PATHS = (
					"$(inherited)",
					"@executable_path/Frameworks",
					"@executable_path/../../Frameworks",
				);
				MARKETING_VERSION = 1.0;
				PRODUCT_BUNDLE_IDENTIFIER = app.flowmo.phone.widget;
				PRODUCT_NAME = FlowmoGlance;
				SDKROOT = iphoneos;
				SKIP_INSTALL = YES;
				SUPPORTED_PLATFORMS = "iphoneos iphonesimulator";
				SUPPORTS_MACCATALYST = NO;
				SWIFT_VERSION = 6.0;
				TARGETED_DEVICE_FAMILY = 1;
			};
			name = Release;
		};
		D0F10A0B0C0D0E0F1011120F /* Debug */ = {
			isa = XCBuildConfiguration;
			buildSettings = {
				AD_HOC_CODE_SIGNING_ALLOWED = YES;
				ASSETCATALOG_COMPILER_APPICON_NAME = AppIcon;
				CODE_SIGN_IDENTITY = "Apple Development";
				CODE_SIGN_STYLE = Automatic;
				CURRENT_PROJECT_VERSION = 4;
				DEVELOPMENT_TEAM = "";
				GENERATE_INFOPLIST_FILE = YES;
				INFOPLIST_KEY_CFBundleDisplayName = "Flowmo Local";
				INFOPLIST_KEY_ITSAppUsesNonExemptEncryption = NO;
				INFOPLIST_KEY_LSApplicationCategoryType = "public.app-category.productivity";
				INFOPLIST_KEY_NSHumanReadableCopyright = "Copyright © 2026 Fran Carrara. All rights reserved.";
				INFOPLIST_KEY_UIApplicationSupportsIndirectInputEvents = YES;
				INFOPLIST_KEY_UILaunchScreen_Generation = YES;
				INFOPLIST_KEY_UISupportedInterfaceOrientations = UIInterfaceOrientationPortrait;
				IPHONEOS_DEPLOYMENT_TARGET = 17.0;
				LD_RUNPATH_SEARCH_PATHS = (
					"$(inherited)",
					"@executable_path/Frameworks",
				);
				MARKETING_VERSION = 1.0;
				INFOPLIST_KEY_NSSupportsLiveActivities = YES;
				PRODUCT_BUNDLE_IDENTIFIER = app.flowmo.phone.local;
				PRODUCT_NAME = FlowmoLocal;
				SDKROOT = iphoneos;
				SUPPORTED_PLATFORMS = "iphoneos iphonesimulator";
				SUPPORTS_MACCATALYST = NO;
				SWIFT_EMIT_LOC_STRINGS = YES;
				SWIFT_VERSION = 6.0;
				TARGETED_DEVICE_FAMILY = 1;
			};
			name = Debug;
		};
		D0F10A0B0C0D0E0F10111210 /* Release */ = {
			isa = XCBuildConfiguration;
			buildSettings = {
				AD_HOC_CODE_SIGNING_ALLOWED = YES;
				ASSETCATALOG_COMPILER_APPICON_NAME = AppIcon;
				CODE_SIGN_IDENTITY = "Apple Development";
				CODE_SIGN_STYLE = Automatic;
				CURRENT_PROJECT_VERSION = 4;
				DEVELOPMENT_TEAM = "";
				GENERATE_INFOPLIST_FILE = YES;
				INFOPLIST_KEY_CFBundleDisplayName = "Flowmo Local";
				INFOPLIST_KEY_ITSAppUsesNonExemptEncryption = NO;
				INFOPLIST_KEY_LSApplicationCategoryType = "public.app-category.productivity";
				INFOPLIST_KEY_NSHumanReadableCopyright = "Copyright © 2026 Fran Carrara. All rights reserved.";
				INFOPLIST_KEY_UIApplicationSupportsIndirectInputEvents = YES;
				INFOPLIST_KEY_UILaunchScreen_Generation = YES;
				INFOPLIST_KEY_UISupportedInterfaceOrientations = UIInterfaceOrientationPortrait;
				IPHONEOS_DEPLOYMENT_TARGET = 17.0;
				LD_RUNPATH_SEARCH_PATHS = (
					"$(inherited)",
					"@executable_path/Frameworks",
				);
				MARKETING_VERSION = 1.0;
				INFOPLIST_KEY_NSSupportsLiveActivities = YES;
				PRODUCT_BUNDLE_IDENTIFIER = app.flowmo.phone.local;
				PRODUCT_NAME = FlowmoLocal;
				SDKROOT = iphoneos;
				SUPPORTED_PLATFORMS = "iphoneos iphonesimulator";
				SUPPORTS_MACCATALYST = NO;
				SWIFT_EMIT_LOC_STRINGS = YES;
				SWIFT_VERSION = 6.0;
				TARGETED_DEVICE_FAMILY = 1;
			};
			name = Release;
		};
		E0F10A0B0C0D0E0F10111214 /* Debug */ = {
			isa = XCBuildConfiguration;
			buildSettings = {
				AD_HOC_CODE_SIGNING_ALLOWED = YES;
				APPLICATION_EXTENSION_API_ONLY = YES;
				CODE_SIGN_IDENTITY = "Apple Development";
				CODE_SIGN_STYLE = Automatic;
				CURRENT_PROJECT_VERSION = 4;
				DEVELOPMENT_TEAM = "";
				GENERATE_INFOPLIST_FILE = YES;
				INFOPLIST_FILE = FlowmoFocusActivity/Info.plist;
				INFOPLIST_KEY_CFBundleDisplayName = "Flowmo Focus";
				INFOPLIST_KEY_ITSAppUsesNonExemptEncryption = NO;
				INFOPLIST_KEY_NSHumanReadableCopyright = "Copyright © 2026 Fran Carrara. All rights reserved.";
				IPHONEOS_DEPLOYMENT_TARGET = 17.0;
				LD_RUNPATH_SEARCH_PATHS = (
					"$(inherited)",
					"@executable_path/Frameworks",
					"@executable_path/../../Frameworks",
				);
				MARKETING_VERSION = 1.0;
				PRODUCT_BUNDLE_IDENTIFIER = "app.flowmo.phone.local.focus-activity";
				PRODUCT_NAME = FlowmoFocusActivity;
				SDKROOT = iphoneos;
				SKIP_INSTALL = YES;
				SUPPORTED_PLATFORMS = "iphoneos iphonesimulator";
				SUPPORTS_MACCATALYST = NO;
				SWIFT_VERSION = 6.0;
				TARGETED_DEVICE_FAMILY = 1;
			};
			name = Debug;
		};
		E0F10A0B0C0D0E0F10111215 /* Release */ = {
			isa = XCBuildConfiguration;
			buildSettings = {
				AD_HOC_CODE_SIGNING_ALLOWED = YES;
				APPLICATION_EXTENSION_API_ONLY = YES;
				CODE_SIGN_IDENTITY = "Apple Development";
				CODE_SIGN_STYLE = Automatic;
				CURRENT_PROJECT_VERSION = 4;
				DEVELOPMENT_TEAM = "";
				GENERATE_INFOPLIST_FILE = YES;
				INFOPLIST_FILE = FlowmoFocusActivity/Info.plist;
				INFOPLIST_KEY_CFBundleDisplayName = "Flowmo Focus";
				INFOPLIST_KEY_ITSAppUsesNonExemptEncryption = NO;
				INFOPLIST_KEY_NSHumanReadableCopyright = "Copyright © 2026 Fran Carrara. All rights reserved.";
				IPHONEOS_DEPLOYMENT_TARGET = 17.0;
				LD_RUNPATH_SEARCH_PATHS = (
					"$(inherited)",
					"@executable_path/Frameworks",
					"@executable_path/../../Frameworks",
				);
				MARKETING_VERSION = 1.0;
				PRODUCT_BUNDLE_IDENTIFIER = "app.flowmo.phone.local.focus-activity";
				PRODUCT_NAME = FlowmoFocusActivity;
				SDKROOT = iphoneos;
				SKIP_INSTALL = YES;
				SUPPORTED_PLATFORMS = "iphoneos iphonesimulator";
				SUPPORTS_MACCATALYST = NO;
				SWIFT_VERSION = 6.0;
				TARGETED_DEVICE_FAMILY = 1;
			};
			name = Release;
		};
/* End XCBuildConfiguration section */

/* Begin XCConfigurationList section */
		9F1A0B0C0D0E0F1011121302 /* Build configuration list for PBXProject "FlowmoPhone" */ = {
			isa = XCConfigurationList;
			buildConfigurations = (
				9F1A0B0C0D0E0F1011121304 /* Debug */,
				9F1A0B0C0D0E0F1011121305 /* Release */,
			);
			defaultConfigurationIsVisible = 0;
			defaultConfigurationName = Release;
		};
		9F1A0B0C0D0E0F1011121303 /* Build configuration list for PBXNativeTarget "Flowmo" */ = {
			isa = XCConfigurationList;
			buildConfigurations = (
				9F1A0B0C0D0E0F1011121306 /* Debug */,
				9F1A0B0C0D0E0F1011121307 /* Release */,
			);
			defaultConfigurationIsVisible = 0;
			defaultConfigurationName = Release;
		};
		A1B2C3D4E5F6071829304010 /* Build configuration list for PBXNativeTarget "FlowmoGlance" */ = {
			isa = XCConfigurationList;
			buildConfigurations = (
				A1B2C3D4E5F6071829304014 /* Debug */,
				A1B2C3D4E5F6071829304015 /* Release */,
			);
			defaultConfigurationIsVisible = 0;
			defaultConfigurationName = Release;
		};
		D0F10A0B0C0D0E0F1011120B /* Build configuration list for PBXNativeTarget "FlowmoPhoneLocal" */ = {
			isa = XCConfigurationList;
			buildConfigurations = (
				D0F10A0B0C0D0E0F1011120F /* Debug */,
				D0F10A0B0C0D0E0F10111210 /* Release */,
			);
			defaultConfigurationIsVisible = 0;
			defaultConfigurationName = Release;
		};
		E0F10A0B0C0D0E0F10111210 /* Build configuration list for PBXNativeTarget "FlowmoFocusActivity" */ = {
			isa = XCConfigurationList;
			buildConfigurations = (
				E0F10A0B0C0D0E0F10111214 /* Debug */,
				E0F10A0B0C0D0E0F10111215 /* Release */,
			);
			defaultConfigurationIsVisible = 0;
			defaultConfigurationName = Release;
		};
/* End XCConfigurationList section */

/* Begin XCLocalSwiftPackageReference section */
		9F1A0B0C0D0E0F1011121313 /* XCLocalSwiftPackageReference ".." */ = {
			isa = XCLocalSwiftPackageReference;
			relativePath = ..;
		};
/* End XCLocalSwiftPackageReference section */

/* Begin XCSwiftPackageProductDependency section */
		9F1A0B0C0D0E0F1011121311 /* FlowmoPhone */ = {
			isa = XCSwiftPackageProductDependency;
			package = 9F1A0B0C0D0E0F1011121313 /* XCLocalSwiftPackageReference ".." */;
			productName = FlowmoPhone;
		};
		A1B2C3D4E5F6071829304004 /* FlowmoCore */ = {
			isa = XCSwiftPackageProductDependency;
			package = 9F1A0B0C0D0E0F1011121313 /* XCLocalSwiftPackageReference ".." */;
			productName = FlowmoCore;
		};
		B1C2D3E4F506172839405002 /* FlowmoLook */ = {
			isa = XCSwiftPackageProductDependency;
			package = 9F1A0B0C0D0E0F1011121313 /* XCLocalSwiftPackageReference ".." */;
			productName = FlowmoLook;
		};
		E0F10A0B0C0D0E0F10111204 /* FlowmoActivity */ = {
			isa = XCSwiftPackageProductDependency;
			package = 9F1A0B0C0D0E0F1011121313 /* XCLocalSwiftPackageReference ".." */;
			productName = FlowmoActivity;
		};
/* End XCSwiftPackageProductDependency section */
	};
	rootObject = 9F1A0B0C0D0E0F1011121301 /* Project object */;
}
